
Microsoft Visual Studio Solution File, Format Version 12.00
# Visual Studio 15
VisualStudioVersion = 15.0.28307.1684
MinimumVisualStudioVersion = 10.0.40219.1
Project("{FAE04EC0-301F-11D3-BF4B-00C04F79EFBC}") = "Chat Web App", "Chat Web App\Chat Web App.csproj", "{D8A3A93F-FF18-4F82-B0E3-D463046B042D}"
EndProject
Global
	GlobalSection(SolutionConfigurationPlatforms) = preSolution
		Debug|Any CPU = Debug|Any CPU
		Release|Any CPU = Release|Any CPU
	EndGlobalSection
	GlobalSection(ProjectConfigurationPlatforms) = postSolution
		{D8A3A93F-FF18-4F82-B0E3-D463046B042D}.Debug|Any CPU.ActiveCfg = Debug|Any CPU
		{D8A3A93F-FF18-4F82-B0E3-D463046B042D}.Debug|Any CPU.Build.0 = Debug|Any CPU
		{D8A3A93F-FF18-4F82-B0E3-D463046B042D}.Release|Any CPU.ActiveCfg = Release|Any CPU
		{D8A3A93F-FF18-4F82-B0E3-D463046B042D}.Release|Any CPU.Build.0 = Release|Any CPU
	EndGlobalSection
	GlobalSection(SolutionProperties) = preSolution
		HideSolutionNode = FALSE
	EndGlobalSection
	GlobalSection(ExtensibilityGlobals) = postSolution
		SolutionGuid = {59956D7B-02BB-4ED0-A61D-17F7D9B080EB}
	EndGlobalSection
EndGlobal
